{
  "name": "@indigopro/core",
  "version": "1.0.0",
  "lockfileVersion": 2,
  "requires": true,
  "packages": {
    "": {
      "name": "@indigopro/core",
      "version": "1.0.0",
      "license": "ISC",
      "devDependencies": {
        "@types/moment": "^2.13.0",
        "@types/moment-timezone": "^0.5.30",
        "moment": "^2.29.4",
        "moment-timezone": "^0.5.40",
        "typescript": "^4.9.5"
      }
    },
    "node_modules/@types/moment": {
      "version": "2.13.0",
      "resolved": "https://registry.npmjs.org/@types/moment/-/moment-2.13.0.tgz",
      "integrity": "sha512-DyuyYGpV6r+4Z1bUznLi/Y7HpGn4iQ4IVcGn8zrr1P4KotKLdH0sbK1TFR6RGyX6B+G8u83wCzL+bpawKU/hdQ==",
      "deprecated": "This is a stub types definition for Moment (https://github.com/moment/moment). Moment provides its own type definitions, so you don't need @types/moment installed!",
      "dev": true,
      "dependencies": {
        "moment": "*"
      }
    },
    "node_modules/@types/moment-timezone": {
      "version": "0.5.30",
      "resolved": "https://registry.npmjs.org/@types/moment-timezone/-/moment-timezone-0.5.30.tgz",
      "integrity": "sha512-aDVfCsjYnAQaV/E9Qc24C5Njx1CoDjXsEgkxtp9NyXDpYu4CCbmclb6QhWloS9UTU/8YROUEEdEkWI0D7DxnKg==",
      "deprecated": "This is a stub types definition. moment-timezone provides its own type definitions, so you do not need this installed.",
      "dev": true,
      "dependencies": {
        "moment-timezone": "*"
      }
    },
    "node_modules/moment": {
      "version": "2.29.4",
      "resolved": "https://registry.npmjs.org/moment/-/moment-2.29.4.tgz",
      "integrity": "sha512-5LC9SOxjSc2HF6vO2CyuTDNivEdoz2IvyJJGj6X8DJ0eFyfszE0QiEd+iXmBvUP3WHxSjFH/vIsA0EN00cgr8w==",
      "dev": true,
      "engines": {
        "node": "*"
      }
    },
    "node_modules/moment-timezone": {
      "version": "0.5.40",
      "resolved": "https://registry.npmjs.org/moment-timezone/-/moment-timezone-0.5.40.tgz",
      "integrity": "sha512-tWfmNkRYmBkPJz5mr9GVDn9vRlVZOTe6yqY92rFxiOdWXbjaR0+9LwQnZGGuNR63X456NqmEkbskte8tWL5ePg==",
      "dev": true,
      "dependencies": {
        "moment": ">= 2.9.0"
      },
      "engines": {
        "node": "*"
      }
    },
    "node_modules/typescript": {
      "version": "4.9.5",
      "resolved": "https://registry.npmjs.org/typescript/-/typescript-4.9.5.tgz",
      "integrity": "sha512-1FXk9E2Hm+QzZQ7z+McJiHL4NW1F2EzMu9Nq9i3zAaGqibafqYwCVU6WyWAuyQRRzOlxou8xZSyXLEN8oKj24g==",
      "dev": true,
      "bin": {
        "tsc": "bin/tsc",
        "tsserver": "bin/tsserver"
      },
      "engines": {
        "node": ">=4.2.0"
      }
    }
  },
  "dependencies": {
    "@types/moment": {
      "version": "2.13.0",
      "resolved": "https://registry.npmjs.org/@types/moment/-/moment-2.13.0.tgz",
      "integrity": "sha512-DyuyYGpV6r+4Z1bUznLi/Y7HpGn4iQ4IVcGn8zrr1P4KotKLdH0sbK1TFR6RGyX6B+G8u83wCzL+bpawKU/hdQ==",
      "dev": true,
      "requires": {
        "moment": "*"
      }
    },
    "@types/moment-timezone": {
      "version": "0.5.30",
      "resolved": "https://registry.npmjs.org/@types/moment-timezone/-/moment-timezone-0.5.30.tgz",
      "integrity": "sha512-aDVfCsjYnAQaV/E9Qc24C5Njx1CoDjXsEgkxtp9NyXDpYu4CCbmclb6QhWloS9UTU/8YROUEEdEkWI0D7DxnKg==",
      "dev": true,
      "requires": {
        "moment-timezone": "*"
      }
    },
    "moment": {
      "version": "2.29.4",
      "resolved": "https://registry.npmjs.org/moment/-/moment-2.29.4.tgz",
      "integrity": "sha512-5LC9SOxjSc2HF6vO2CyuTDNivEdoz2IvyJJGj6X8DJ0eFyfszE0QiEd+iXmBvUP3WHxSjFH/vIsA0EN00cgr8w==",
      "dev": true
    },
    "moment-timezone": {
      "version": "0.5.40",
      "resolved": "https://registry.npmjs.org/moment-timezone/-/moment-timezone-0.5.40.tgz",
      "integrity": "sha512-tWfmNkRYmBkPJz5mr9GVDn9vRlVZOTe6yqY92rFxiOdWXbjaR0+9LwQnZGGuNR63X456NqmEkbskte8tWL5ePg==",
      "dev": true,
      "requires": {
        "moment": ">= 2.9.0"
      }
    },
    "typescript": {
      "version": "4.9.5",
      "resolved": "https://registry.npmjs.org/typescript/-/typescript-4.9.5.tgz",
      "integrity": "sha512-1FXk9E2Hm+QzZQ7z+McJiHL4NW1F2EzMu9Nq9i3zAaGqibafqYwCVU6WyWAuyQRRzOlxou8xZSyXLEN8oKj24g==",
      "dev": true
    }
  }
}
